
Microsoft Visual Studio Solution File, Format Version 12.00
# Visual Studio Version 17
VisualStudioVersion = 17.2.32616.157
MinimumVisualStudioVersion = 10.0.40219.1
Project("{9A19103F-16F7-4668-BE54-9A1E7A4F7556}") = "BuberDinner.Api", "src\BuberDinner.Api\BuberDinner.Api.csproj", "{43938E05-488D-42E4-8C92-5E273B141D87}"
EndProject
Project("{9A19103F-16F7-4668-BE54-9A1E7A4F7556}") = "BuberDinner.Contracts", "src\BuberDinner.Contracts\BuberDinner.Contracts.csproj", "{89B28E99-D27F-485A-A1CD-05A2FDBE184D}"
EndProject
Project("{9A19103F-16F7-4668-BE54-9A1E7A4F7556}") = "BuberDinner.Infrastructure", "src\BuberDinner.Infrastructure\BuberDinner.Infrastructure.csproj", "{0554B5AE-109C-484E-AD1F-E7673AE807E0}"
EndProject
Project("{9A19103F-16F7-4668-BE54-9A1E7A4F7556}") = "BuberDinner.Application", "src\BuberDinner.Application\BuberDinner.Application.csproj", "{7290DF55-F1A7-4934-8A60-C68F35156F83}"
EndProject
Project("{9A19103F-16F7-4668-BE54-9A1E7A4F7556}") = "BuberDinner.Domain", "src\BuberDinner.Domain\BuberDinner.Domain.csproj", "{E462A833-1E4E-4404-8849-7B281C5992BB}"
EndProject
Project("{2150E333-8FDC-42A3-9474-1A3956D46DE8}") = "tests", "tests", "{E16723EF-F024-406F-AA15-7AE38E47F6C9}"
EndProject
Project("{2150E333-8FDC-42A3-9474-1A3956D46DE8}") = "UnitTests", "UnitTests", "{16D56827-7DD3-4629-940D-F5F885A14E96}"
EndProject
Project("{2150E333-8FDC-42A3-9474-1A3956D46DE8}") = "src", "src", "{53A4FF0D-9C37-4435-BCC7-847D291A1B2D}"
EndProject
Project("{2150E333-8FDC-42A3-9474-1A3956D46DE8}") = "AcceptanceTests", "AcceptanceTests", "{09EEA243-D900-4D49-95E3-7156E70C1D84}"
EndProject
Project("{2150E333-8FDC-42A3-9474-1A3956D46DE8}") = "IntegrationTests", "IntegrationTests", "{EA33C787-4E45-4435-9C88-01A3B73A11BC}"
EndProject
Project("{2150E333-8FDC-42A3-9474-1A3956D46DE8}") = "FunctionalTests", "FunctionalTests", "{C9D57769-B424-40B8-B534-5631150ADDD9}"
EndProject
Project("{2150E333-8FDC-42A3-9474-1A3956D46DE8}") = "EndToEndTests", "EndToEndTests", "{DF9E7B3D-26DA-42B1-8ED0-C7E61976780D}"
EndProject
Project("{9A19103F-16F7-4668-BE54-9A1E7A4F7556}") = "BuberDinner.Application.UnitTests", "tests\UnitTests\BuberDinner.Application.UnitTests\BuberDinner.Application.UnitTests.csproj", "{7805EACC-15B7-4FDF-B7BF-8AED5C1DFCBC}"
EndProject
Project("{2150E333-8FDC-42A3-9474-1A3956D46DE8}") = "Requests", "Requests", "{23B2B336-802E-4756-B94E-FF3BBCA3795B}"
EndProject
Project("{2150E333-8FDC-42A3-9474-1A3956D46DE8}") = "Authentication", "Authentication", "{73C7A0B8-999C-4DC6-B708-8D98B576F0D9}"
	ProjectSection(SolutionItems) = preProject
		Requests\Authentication\Login.http = Requests\Authentication\Login.http
		Requests\Authentication\Register.http = Requests\Authentication\Register.http
	EndProjectSection
EndProject
Project("{2150E333-8FDC-42A3-9474-1A3956D46DE8}") = "Menus", "Menus", "{5FF0EC4B-D5D8-4205-B131-4EB100FC4989}"
	ProjectSection(SolutionItems) = preProject
		Requests\Menus\CreateMenu.http = Requests\Menus\CreateMenu.http
	EndProjectSection
EndProject
Project("{2150E333-8FDC-42A3-9474-1A3956D46DE8}") = "ArchitecturelTests", "ArchitecturelTests", "{1D831A8D-F08A-480C-8758-76B9EB7E5361}"
EndProject
Project("{9A19103F-16F7-4668-BE54-9A1E7A4F7556}") = "BubberDinner.Domain.ArchitectureTests", "BubberDinner.Domain.Tests\BubberDinner.Domain.ArchitectureTests.csproj", "{33B2558A-6D5C-4BD5-82C7-67F9F0E81225}"
EndProject
Project("{9A19103F-16F7-4668-BE54-9A1E7A4F7556}") = "BuberDinnerApplication.FunctionalTests", "tests\FunctionalTests\BuberDinnerApplication.FunctionalTests\BuberDinnerApplication.FunctionalTests.csproj", "{E33DF413-C79E-4836-9DE9-573C017438C9}"
EndProject
Global
	GlobalSection(SolutionConfigurationPlatforms) = preSolution
		Debug|Any CPU = Debug|Any CPU
		Release|Any CPU = Release|Any CPU
	EndGlobalSection
	GlobalSection(ProjectConfigurationPlatforms) = postSolution
		{43938E05-488D-42E4-8C92-5E273B141D87}.Debug|Any CPU.ActiveCfg = Debug|Any CPU
		{43938E05-488D-42E4-8C92-5E273B141D87}.Debug|Any CPU.Build.0 = Debug|Any CPU
		{43938E05-488D-42E4-8C92-5E273B141D87}.Release|Any CPU.ActiveCfg = Release|Any CPU
		{43938E05-488D-42E4-8C92-5E273B141D87}.Release|Any CPU.Build.0 = Release|Any CPU
		{89B28E99-D27F-485A-A1CD-05A2FDBE184D}.Debug|Any CPU.ActiveCfg = Debug|Any CPU
		{89B28E99-D27F-485A-A1CD-05A2FDBE184D}.Debug|Any CPU.Build.0 = Debug|Any CPU
		{89B28E99-D27F-485A-A1CD-05A2FDBE184D}.Release|Any CPU.ActiveCfg = Release|Any CPU
		{89B28E99-D27F-485A-A1CD-05A2FDBE184D}.Release|Any CPU.Build.0 = Release|Any CPU
		{0554B5AE-109C-484E-AD1F-E7673AE807E0}.Debug|Any CPU.ActiveCfg = Debug|Any CPU
		{0554B5AE-109C-484E-AD1F-E7673AE807E0}.Debug|Any CPU.Build.0 = Debug|Any CPU
		{0554B5AE-109C-484E-AD1F-E7673AE807E0}.Release|Any CPU.ActiveCfg = Release|Any CPU
		{0554B5AE-109C-484E-AD1F-E7673AE807E0}.Release|Any CPU.Build.0 = Release|Any CPU
		{7290DF55-F1A7-4934-8A60-C68F35156F83}.Debug|Any CPU.ActiveCfg = Debug|Any CPU
		{7290DF55-F1A7-4934-8A60-C68F35156F83}.Debug|Any CPU.Build.0 = Debug|Any CPU
		{7290DF55-F1A7-4934-8A60-C68F35156F83}.Release|Any CPU.ActiveCfg = Release|Any CPU
		{7290DF55-F1A7-4934-8A60-C68F35156F83}.Release|Any CPU.Build.0 = Release|Any CPU
		{E462A833-1E4E-4404-8849-7B281C5992BB}.Debug|Any CPU.ActiveCfg = Debug|Any CPU
		{E462A833-1E4E-4404-8849-7B281C5992BB}.Debug|Any CPU.Build.0 = Debug|Any CPU
		{E462A833-1E4E-4404-8849-7B281C5992BB}.Release|Any CPU.ActiveCfg = Release|Any CPU
		{E462A833-1E4E-4404-8849-7B281C5992BB}.Release|Any CPU.Build.0 = Release|Any CPU
		{7805EACC-15B7-4FDF-B7BF-8AED5C1DFCBC}.Debug|Any CPU.ActiveCfg = Debug|Any CPU
		{7805EACC-15B7-4FDF-B7BF-8AED5C1DFCBC}.Debug|Any CPU.Build.0 = Debug|Any CPU
		{7805EACC-15B7-4FDF-B7BF-8AED5C1DFCBC}.Release|Any CPU.ActiveCfg = Release|Any CPU
		{7805EACC-15B7-4FDF-B7BF-8AED5C1DFCBC}.Release|Any CPU.Build.0 = Release|Any CPU
		{33B2558A-6D5C-4BD5-82C7-67F9F0E81225}.Debug|Any CPU.ActiveCfg = Debug|Any CPU
		{33B2558A-6D5C-4BD5-82C7-67F9F0E81225}.Debug|Any CPU.Build.0 = Debug|Any CPU
		{33B2558A-6D5C-4BD5-82C7-67F9F0E81225}.Release|Any CPU.ActiveCfg = Release|Any CPU
		{33B2558A-6D5C-4BD5-82C7-67F9F0E81225}.Release|Any CPU.Build.0 = Release|Any CPU
		{E33DF413-C79E-4836-9DE9-573C017438C9}.Debug|Any CPU.ActiveCfg = Debug|Any CPU
		{E33DF413-C79E-4836-9DE9-573C017438C9}.Debug|Any CPU.Build.0 = Debug|Any CPU
		{E33DF413-C79E-4836-9DE9-573C017438C9}.Release|Any CPU.ActiveCfg = Release|Any CPU
		{E33DF413-C79E-4836-9DE9-573C017438C9}.Release|Any CPU.Build.0 = Release|Any CPU
	EndGlobalSection
	GlobalSection(SolutionProperties) = preSolution
		HideSolutionNode = FALSE
	EndGlobalSection
	GlobalSection(NestedProjects) = preSolution
		{43938E05-488D-42E4-8C92-5E273B141D87} = {53A4FF0D-9C37-4435-BCC7-847D291A1B2D}
		{89B28E99-D27F-485A-A1CD-05A2FDBE184D} = {53A4FF0D-9C37-4435-BCC7-847D291A1B2D}
		{0554B5AE-109C-484E-AD1F-E7673AE807E0} = {53A4FF0D-9C37-4435-BCC7-847D291A1B2D}
		{7290DF55-F1A7-4934-8A60-C68F35156F83} = {53A4FF0D-9C37-4435-BCC7-847D291A1B2D}
		{E462A833-1E4E-4404-8849-7B281C5992BB} = {53A4FF0D-9C37-4435-BCC7-847D291A1B2D}
		{16D56827-7DD3-4629-940D-F5F885A14E96} = {E16723EF-F024-406F-AA15-7AE38E47F6C9}
		{09EEA243-D900-4D49-95E3-7156E70C1D84} = {E16723EF-F024-406F-AA15-7AE38E47F6C9}
		{EA33C787-4E45-4435-9C88-01A3B73A11BC} = {E16723EF-F024-406F-AA15-7AE38E47F6C9}
		{C9D57769-B424-40B8-B534-5631150ADDD9} = {E16723EF-F024-406F-AA15-7AE38E47F6C9}
		{DF9E7B3D-26DA-42B1-8ED0-C7E61976780D} = {E16723EF-F024-406F-AA15-7AE38E47F6C9}
		{7805EACC-15B7-4FDF-B7BF-8AED5C1DFCBC} = {16D56827-7DD3-4629-940D-F5F885A14E96}
		{73C7A0B8-999C-4DC6-B708-8D98B576F0D9} = {23B2B336-802E-4756-B94E-FF3BBCA3795B}
		{5FF0EC4B-D5D8-4205-B131-4EB100FC4989} = {23B2B336-802E-4756-B94E-FF3BBCA3795B}
		{1D831A8D-F08A-480C-8758-76B9EB7E5361} = {E16723EF-F024-406F-AA15-7AE38E47F6C9}
		{33B2558A-6D5C-4BD5-82C7-67F9F0E81225} = {1D831A8D-F08A-480C-8758-76B9EB7E5361}
		{E33DF413-C79E-4836-9DE9-573C017438C9} = {C9D57769-B424-40B8-B534-5631150ADDD9}
	EndGlobalSection
	GlobalSection(ExtensibilityGlobals) = postSolution
		SolutionGuid = {774E1032-C6EB-4E64-836D-2AE97F3BCACE}
	EndGlobalSection
EndGlobal
